
Microsoft Visual Studio Solution File, Format Version 12.00
# Visual Studio Version 16
VisualStudioVersion = 16.0.29123.88
MinimumVisualStudioVersion = 10.0.40219.1
Project("{FAE04EC0-301F-11D3-BF4B-00C04F79EFBC}") = "MvcPaginacao", "MvcPaginacao\MvcPaginacao.csproj", "{021362B0-4C72-4EBD-A998-3B2128A1357E}"
EndProject
Global
	GlobalSection(SolutionConfigurationPlatforms) = preSolution
		Debug|Any CPU = Debug|Any CPU
		Release|Any CPU = Release|Any CPU
	EndGlobalSection
	GlobalSection(ProjectConfigurationPlatforms) = postSolution
		{021362B0-4C72-4EBD-A998-3B2128A1357E}.Debug|Any CPU.ActiveCfg = Debug|Any CPU
		{021362B0-4C72-4EBD-A998-3B2128A1357E}.Debug|Any CPU.Build.0 = Debug|Any CPU
		{021362B0-4C72-4EBD-A998-3B2128A1357E}.Release|Any CPU.ActiveCfg = Release|Any CPU
		{021362B0-4C72-4EBD-A998-3B2128A1357E}.Release|Any CPU.Build.0 = Release|Any CPU
	EndGlobalSection
	GlobalSection(SolutionProperties) = preSolution
		HideSolutionNode = FALSE
	EndGlobalSection
	GlobalSection(ExtensibilityGlobals) = postSolution
		SolutionGuid = {2CCEB8D5-45E2-413A-A675-175DADB680EB}
	EndGlobalSection
EndGlobal
